
Microsoft Visual Studio Solution File, Format Version 12.00
# Visual Studio Version 17
VisualStudioVersion = 17.11.35312.102
MinimumVisualStudioVersion = 10.0.40219.1
Project("{FAE04EC0-301F-11D3-BF4B-00C04F79EFBC}") = "Feng-Shui-Koi-Consulting-System", "Feng-Shui-Koi-Consulting-System\Feng-Shui-Koi-Consulting-System.csproj", "{C56DD93D-708D-48D7-A997-F6282CF4E5E1}"
EndProject
Global
	GlobalSection(SolutionConfigurationPlatforms) = preSolution
		Debug|Any CPU = Debug|Any CPU
		Release|Any CPU = Release|Any CPU
	EndGlobalSection
	GlobalSection(ProjectConfigurationPlatforms) = postSolution
		{C56DD93D-708D-48D7-A997-F6282CF4E5E1}.Debug|Any CPU.ActiveCfg = Debug|Any CPU
		{C56DD93D-708D-48D7-A997-F6282CF4E5E1}.Debug|Any CPU.Build.0 = Debug|Any CPU
		{C56DD93D-708D-48D7-A997-F6282CF4E5E1}.Release|Any CPU.ActiveCfg = Release|Any CPU
		{C56DD93D-708D-48D7-A997-F6282CF4E5E1}.Release|Any CPU.Build.0 = Release|Any CPU
	EndGlobalSection
	GlobalSection(SolutionProperties) = preSolution
		HideSolutionNode = FALSE
	EndGlobalSection
	GlobalSection(ExtensibilityGlobals) = postSolution
		SolutionGuid = {6941A64C-280C-46F0-8035-93476E532563}
	EndGlobalSection
EndGlobal
