
Microsoft Visual Studio Solution File, Format Version 12.00
# Visual Studio Version 17
VisualStudioVersion = 17.11.35327.3
MinimumVisualStudioVersion = 10.0.40219.1
Project("{FAE04EC0-301F-11D3-BF4B-00C04F79EFBC}") = "KoiFarm.WebApplication", "KoiFarm.WebApplication\KoiFarm.WebApplication.csproj", "{661AF498-FB88-4193-A684-03063C34040E}"
EndProject
Project("{FAE04EC0-301F-11D3-BF4B-00C04F79EFBC}") = "KoiFarm.Repositories", "KoiFarm.Repositories\KoiFarm.Repositories.csproj", "{2ECB8FAA-E78C-4538-8F66-5F6D4295C9F9}"
EndProject
Project("{FAE04EC0-301F-11D3-BF4B-00C04F79EFBC}") = "KoiFarm.Services", "KoiFarm.Services\KoiFarm.Services.csproj", "{439C5B1E-912E-4F25-9F73-4C623C61C7CD}"
EndProject
Global
	GlobalSection(SolutionConfigurationPlatforms) = preSolution
		Debug|Any CPU = Debug|Any CPU
		Release|Any CPU = Release|Any CPU
	EndGlobalSection
	GlobalSection(ProjectConfigurationPlatforms) = postSolution
		{661AF498-FB88-4193-A684-03063C34040E}.Debug|Any CPU.ActiveCfg = Debug|Any CPU
		{661AF498-FB88-4193-A684-03063C34040E}.Debug|Any CPU.Build.0 = Debug|Any CPU
		{661AF498-FB88-4193-A684-03063C34040E}.Release|Any CPU.ActiveCfg = Release|Any CPU
		{661AF498-FB88-4193-A684-03063C34040E}.Release|Any CPU.Build.0 = Release|Any CPU
		{2ECB8FAA-E78C-4538-8F66-5F6D4295C9F9}.Debug|Any CPU.ActiveCfg = Debug|Any CPU
		{2ECB8FAA-E78C-4538-8F66-5F6D4295C9F9}.Debug|Any CPU.Build.0 = Debug|Any CPU
		{2ECB8FAA-E78C-4538-8F66-5F6D4295C9F9}.Release|Any CPU.ActiveCfg = Release|Any CPU
		{2ECB8FAA-E78C-4538-8F66-5F6D4295C9F9}.Release|Any CPU.Build.0 = Release|Any CPU
		{439C5B1E-912E-4F25-9F73-4C623C61C7CD}.Debug|Any CPU.ActiveCfg = Debug|Any CPU
		{439C5B1E-912E-4F25-9F73-4C623C61C7CD}.Debug|Any CPU.Build.0 = Debug|Any CPU
		{439C5B1E-912E-4F25-9F73-4C623C61C7CD}.Release|Any CPU.ActiveCfg = Release|Any CPU
		{439C5B1E-912E-4F25-9F73-4C623C61C7CD}.Release|Any CPU.Build.0 = Release|Any CPU
	EndGlobalSection
	GlobalSection(SolutionProperties) = preSolution
		HideSolutionNode = FALSE
	EndGlobalSection
	GlobalSection(ExtensibilityGlobals) = postSolution
		SolutionGuid = {38C842F6-C32C-4F2A-ABD0-A5DC62449B67}
	EndGlobalSection
EndGlobal
